
Microsoft Visual Studio Solution File, Format Version 12.00
# Visual Studio 15
VisualStudioVersion = 15.0.28307.572
MinimumVisualStudioVersion = 10.0.40219.1
Project("{FAE04EC0-301F-11D3-BF4B-00C04F79EFBC}") = "HeightOfTreeDataStructure", "HeightOfTreeDataStructure\HeightOfTreeDataStructure.csproj", "{809C63E8-C366-4584-8F56-35A9360E4D02}"
EndProject
Global
	GlobalSection(SolutionConfigurationPlatforms) = preSolution
		Debug|Any CPU = Debug|Any CPU
		Release|Any CPU = Release|Any CPU
	EndGlobalSection
	GlobalSection(ProjectConfigurationPlatforms) = postSolution
		{809C63E8-C366-4584-8F56-35A9360E4D02}.Debug|Any CPU.ActiveCfg = Debug|Any CPU
		{809C63E8-C366-4584-8F56-35A9360E4D02}.Debug|Any CPU.Build.0 = Debug|Any CPU
		{809C63E8-C366-4584-8F56-35A9360E4D02}.Release|Any CPU.ActiveCfg = Release|Any CPU
		{809C63E8-C366-4584-8F56-35A9360E4D02}.Release|Any CPU.Build.0 = Release|Any CPU
	EndGlobalSection
	GlobalSection(SolutionProperties) = preSolution
		HideSolutionNode = FALSE
	EndGlobalSection
	GlobalSection(ExtensibilityGlobals) = postSolution
		SolutionGuid = {78B251C0-6E1F-4D47-88C1-5A9348735E1F}
	EndGlobalSection
EndGlobal
